lockfileVersion: '9.0'

settings:
  autoInstallPeers: true
  excludeLinksFromLockfile: false

importers:

  .:
    dependencies:
      cohere-ai:
        specifier: ^7.21.0
        version: 7.21.0

packages:

  '@aws-crypto/sha256-browser@5.2.0':
    resolution: {integrity: sha512-AXfN/lGotSQwu6HNcEsIASo7kWXZ5HYWvfOmSNKDsEqC4OashTp8alTmaz+F7TC2L083SFv5RdB+qU3Vs1kZqw==}

  '@aws-crypto/sha256-js@5.2.0':
    resolution: {integrity: sha512-FFQQyu7edu4ufvIZ+OadFpHHOt+eSTBaYaki44c+akjg7qZg9oOQeLlk77F6tSYqjDAFClrHJk9tMf0HdVyOvA==}
    engines: {node: '>=16.0.0'}

  '@aws-crypto/supports-web-crypto@5.2.0':
    resolution: {integrity: sha512-iAvUotm021kM33eCdNfwIN//F77/IADDSs58i+MDaOqFrVjZo9bAal0NK7HurRuWLLpF1iLX7gbWrjHjeo+YFg==}

  '@aws-crypto/util@5.2.0':
    resolution: {integrity: sha512-4RkU9EsI6ZpBve5fseQlGNUWKMa1RLPQ1dnjnQoe07ldfIzcsGb5hC5W0Dm7u423KWzawlrpbjXBrXCEv9zazQ==}

  '@aws-sdk/client-cognito-identity@3.1020.0':
    resolution: {integrity: sha512-t5/gfQQ4gxDz/Mk2TXmdoZtXSG62/nnF0+0ddemnx9uTWvZRs93FZcRJ4mqXfv7qH1iE7Ax2hmEOTRYfU5kn3w==}
    engines: {node: '>=20.0.0'}

  '@aws-sdk/client-sagemaker@3.1020.0':
    resolution: {integrity: sha512-8IrwUCEZg7HdLl00NR+djUEEVnFS9tzOaaHGQHsw6t10XITd4JmfNeiAV8axpTjcgiCYzz3u7cZcYFdLseEW7Q==}
    engines: {node: '>=20.0.0'}

  '@aws-sdk/core@3.973.26':
    resolution: {integrity: sha512-A/E6n2W42ruU+sfWk+mMUOyVXbsSgGrY3MJ9/0Az5qUdG67y8I6HYzzoAa+e/lzxxl1uCYmEL6BTMi9ZiZnplQ==}
    engines: {node: '>=20.0.0'}

  '@aws-sdk/credential-provider-cognito-identity@3.972.20':
    resolution: {integrity: sha512-nlYtWUZq4dznnX9hAlTaYT0jDQqMLL+Bg3dwvc0o9iB5kFouNyXhhBZbJ+N6eom2cjdOkjeOkv12z/90XkPuzg==}
    engines: {node: '>=20.0.0'}

  '@aws-sdk/credential-provider-env@3.972.24':
    resolution: {integrity: sha512-FWg8uFmT6vQM7VuzELzwVo5bzExGaKHdubn0StjgrcU5FvuLExUe+k06kn/40uKv59rYzhez8eFNM4yYE/Yb/w==}
    engines: {node: '>=20.0.0'}

  '@aws-sdk/credential-provider-http@3.972.26':
    resolution: {integrity: sha512-CY4ppZ+qHYqcXqBVi//sdHST1QK3KzOEiLtpLsc9W2k2vfZPKExGaQIsOwcyvjpjUEolotitmd3mUNY56IwDEA==}
    engines: {node: '>=20.0.0'}

  '@aws-sdk/credential-provider-ini@3.972.27':
    resolution: {integrity: sha512-Um26EsNSUfVUX0wUXnUA1W3wzKhVy6nviEElsh5lLZUYj9bk6DXOPnpte0gt+WHubcVfVsRk40bbm4KaroTEag==}
    engines: {node: '>=20.0.0'}

  '@aws-sdk/credential-provider-login@3.972.27':
    resolution: {integrity: sha512-t3ehEtHomGZwg5Gixw4fYbYtG9JBnjfAjSDabxhPEu/KLLUp0BB37/APX7MSKXQhX6ZH7pseuACFJ19NrAkNdg==}
    engines: {node: '>=20.0.0'}

  '@aws-sdk/credential-provider-node@3.972.28':
    resolution: {integrity: sha512-rren+P6k5rShG5PX61iVi40kKdueyuMLBRTctQbyR5LooO9Ygr5L6R7ilG7RF1957NSH3KC3TU206fZuKwjSpQ==}
    engines: {node: '>=20.0.0'}

  '@aws-sdk/credential-provider-process@3.972.24':
    resolution: {integrity: sha512-Q2k/XLrFXhEztPHqj4SLCNID3hEPdlhh1CDLBpNnM+1L8fq7P+yON9/9M1IGN/dA5W45v44ylERfXtDAlmMNmw==}
    engines: {node: '>=20.0.0'}

  '@aws-sdk/credential-provider-sso@3.972.27':
    resolution: {integrity: sha512-CWXeGjlbBuHcm9appZUgXKP2zHDyTti0/+gXpSFJ2J3CnSwf1KWjicjN0qG2ozkMH6blrrzMrimeIOEYNl238Q==}
    engines: {node: '>=20.0.0'}

  '@aws-sdk/credential-provider-web-identity@3.972.27':
    resolution: {integrity: sha512-CUY4hQIFswdQNEsRGEzGBUKGMK5KpqmNDdu2ROMgI+45PLFS8H0y3Tm7kvM16uvvw3n1pVxk85tnRVUTgtaa1w==}
    engines: {node: '>=20.0.0'}

  '@aws-sdk/credential-providers@3.1020.0':
    resolution: {integrity: sha512-7Om61RrVCy4ox3OBaqfsyJ47DPuEjE4f9HBqqt0YWdIWYF2ElXlfBjI2/wvSnF4mOJNQiSScOwzG1emsHTuvQw==}
    engines: {node: '>=20.0.0'}

  '@aws-sdk/middleware-host-header@3.972.8':
    resolution: {integrity: sha512-wAr2REfKsqoKQ+OkNqvOShnBoh+nkPurDKW7uAeVSu6kUECnWlSJiPvnoqxGlfousEY/v9LfS9sNc46hjSYDIQ==}
    engines: {node: '>=20.0.0'}

  '@aws-sdk/middleware-logger@3.972.8':
    resolution: {integrity: sha512-CWl5UCM57WUFaFi5kB7IBY1UmOeLvNZAZ2/OZ5l20ldiJ3TiIz1pC65gYj8X0BCPWkeR1E32mpsCk1L1I4n+lA==}
    engines: {node: '>=20.0.0'}

  '@aws-sdk/middleware-recursion-detection@3.972.9':
    resolution: {integrity: sha512-/Wt5+CT8dpTFQxEJ9iGy/UGrXr7p2wlIOEHvIr/YcHYByzoLjrqkYqXdJjd9UIgWjv7eqV2HnFJen93UTuwfTQ==}
    engines: {node: '>=20.0.0'}

  '@aws-sdk/middleware-user-agent@3.972.27':
    resolution: {integrity: sha512-TIRLO5UR2+FVUGmhYoAwVkKhcVzywEDX/5LzR9tjy1h8FQAXOtFg2IqgmwvxU7y933rkTn9rl6AdgcAUgQ1/Kg==}
    engines: {node: '>=20.0.0'}

  '@aws-sdk/nested-clients@3.996.17':
    resolution: {integrity: sha512-7B0HIX0tEFmOSJuWzdHZj1WhMXSryM+h66h96ZkqSncoY7J6wq61KOu4Kr57b/YnJP3J/EeQYVFulgR281h+7A==}
    engines: {node: '>=20.0.0'}

  '@aws-sdk/region-config-resolver@3.972.10':
    resolution: {integrity: sha512-1dq9ToC6e070QvnVhhbAs3bb5r6cQ10gTVc6cyRV5uvQe7P138TV2uG2i6+Yok4bAkVAcx5AqkTEBUvWEtBlsQ==}
    engines: {node: '>=20.0.0'}

  '@aws-sdk/token-providers@3.1020.0':
    resolution: {integrity: sha512-T61KA/VKl0zVUubdxigr1ut7SEpwE1/4CIKb14JDLyTAOne2yWKtQE1dDCSHl0UqrZNwW/bTt+EBHfQbslZJdw==}
    engines: {node: '>=20.0.0'}

  '@aws-sdk/types@3.973.6':
    resolution: {integrity: sha512-Atfcy4E++beKtwJHiDln2Nby8W/mam64opFPTiHEqgsthqeydFS1pY+OUlN1ouNOmf8ArPU/6cDS65anOP3KQw==}
    engines: {node: '>=20.0.0'}

  '@aws-sdk/util-endpoints@3.996.5':
    resolution: {integrity: sha512-Uh93L5sXFNbyR5sEPMzUU8tJ++Ku97EY4udmC01nB8Zu+xfBPwpIwJ6F7snqQeq8h2pf+8SGN5/NoytfKgYPIw==}
    engines: {node: '>=20.0.0'}

  '@aws-sdk/util-locate-window@3.965.5':
    resolution: {integrity: sha512-WhlJNNINQB+9qtLtZJcpQdgZw3SCDCpXdUJP7cToGwHbCWCnRckGlc6Bx/OhWwIYFNAn+FIydY8SZ0QmVu3xTQ==}
    engines: {node: '>=20.0.0'}

  '@aws-sdk/util-user-agent-browser@3.972.8':
    resolution: {integrity: sha512-B3KGXJviV2u6Cdw2SDY2aDhoJkVfY/Q/Trwk2CMSkikE1Oi6gRzxhvhIfiRpHfmIsAhV4EA54TVEX8K6CbHbkA==}

  '@aws-sdk/util-user-agent-node@3.973.13':
    resolution: {integrity: sha512-s1dCJ0J9WU9UPkT3FFqhKTSquYTkqWXGRaapHFyWwwJH86ZussewhNST5R5TwXVL1VSHq4aJVl9fWK+svaRVCQ==}
    engines: {node: '>=20.0.0'}
    peerDependencies:
      aws-crt: '>=1.0.0'
    peerDependenciesMeta:
      aws-crt:
        optional: true

  '@aws-sdk/xml-builder@3.972.16':
    resolution: {integrity: sha512-iu2pyvaqmeatIJLURLqx9D+4jKAdTH20ntzB6BFwjyN7V960r4jK32mx0Zf7YbtOYAbmbtQfDNuL60ONinyw7A==}
    engines: {node: '>=20.0.0'}

  '@aws/lambda-invoke-store@0.2.4':
    resolution: {integrity: sha512-iY8yvjE0y651BixKNPgmv1WrQc+GZ142sb0z4gYnChDDY2YqI4P/jsSopBWrKfAt7LOJAkOXt7rC/hms+WclQQ==}
    engines: {node: '>=18.0.0'}

  '@smithy/config-resolver@4.4.13':
    resolution: {integrity: sha512-iIzMC5NmOUP6WL6o8iPBjFhUhBZ9pPjpUpQYWMUFQqKyXXzOftbfK8zcQCz/jFV1Psmf05BK5ypx4K2r4Tnwdg==}
    engines: {node: '>=18.0.0'}

  '@smithy/core@3.23.13':
    resolution: {integrity: sha512-J+2TT9D6oGsUVXVEMvz8h2EmdVnkBiy2auCie4aSJMvKlzUtO5hqjEzXhoCUkIMo7gAYjbQcN0g/MMSXEhDs1Q==}
    engines: {node: '>=18.0.0'}

  '@smithy/credential-provider-imds@4.2.12':
    resolution: {integrity: sha512-cr2lR792vNZcYMriSIj+Um3x9KWrjcu98kn234xA6reOAFMmbRpQMOv8KPgEmLLtx3eldU6c5wALKFqNOhugmg==}
    engines: {node: '>=18.0.0'}

  '@smithy/fetch-http-handler@5.3.15':
    resolution: {integrity: sha512-T4jFU5N/yiIfrtrsb9uOQn7RdELdM/7HbyLNr6uO/mpkj1ctiVs7CihVr51w4LyQlXWDpXFn4BElf1WmQvZu/A==}
    engines: {node: '>=18.0.0'}

  '@smithy/hash-node@4.2.12':
    resolution: {integrity: sha512-QhBYbGrbxTkZ43QoTPrK72DoYviDeg6YKDrHTMJbbC+A0sml3kSjzFtXP7BtbyJnXojLfTQldGdUR0RGD8dA3w==}
    engines: {node: '>=18.0.0'}

  '@smithy/invalid-dependency@4.2.12':
    resolution: {integrity: sha512-/4F1zb7Z8LOu1PalTdESFHR0RbPwHd3FcaG1sI3UEIriQTWakysgJr65lc1jj6QY5ye7aFsisajotH6UhWfm/g==}
    engines: {node: '>=18.0.0'}

  '@smithy/is-array-buffer@2.2.0':
    resolution: {integrity: sha512-GGP3O9QFD24uGeAXYUjwSTXARoqpZykHadOmA8G5vfJPK0/DC67qa//0qvqrJzL1xc8WQWX7/yc7fwudjPHPhA==}
    engines: {node: '>=14.0.0'}

  '@smithy/is-array-buffer@4.2.2':
    resolution: {integrity: sha512-n6rQ4N8Jj4YTQO3YFrlgZuwKodf4zUFs7EJIWH86pSCWBaAtAGBFfCM7Wx6D2bBJ2xqFNxGBSrUWswT3M0VJow==}
    engines: {node: '>=18.0.0'}

  '@smithy/middleware-content-length@4.2.12':
    resolution: {integrity: sha512-YE58Yz+cvFInWI/wOTrB+DbvUVz/pLn5mC5MvOV4fdRUc6qGwygyngcucRQjAhiCEbmfLOXX0gntSIcgMvAjmA==}
    engines: {node: '>=18.0.0'}

  '@smithy/middleware-endpoint@4.4.28':
    resolution: {integrity: sha512-p1gfYpi91CHcs5cBq982UlGlDrxoYUX6XdHSo91cQ2KFuz6QloHosO7Jc60pJiVmkWrKOV8kFYlGFFbQ2WUKKQ==}
    engines: {node: '>=18.0.0'}

  '@smithy/middleware-retry@4.4.45':
    resolution: {integrity: sha512-td1PxpwDIaw5/oP/xIRxBGxJKoF1L4DBAwbZ8wjMuXBYOP/r2ZE/Ocou+mBHx/yk9knFEtDBwhSrYVn+Mz4pHw==}
    engines: {node: '>=18.0.0'}

  '@smithy/middleware-serde@4.2.16':
    resolution: {integrity: sha512-beqfV+RZ9RSv+sQqor3xroUUYgRFCGRw6niGstPG8zO9LgTl0B0MCucxjmrH/2WwksQN7UUgI7KNANoZv+KALA==}
    engines: {node: '>=18.0.0'}

  '@smithy/middleware-stack@4.2.12':
    resolution: {integrity: sha512-kruC5gRHwsCOuyCd4ouQxYjgRAym2uDlCvQ5acuMtRrcdfg7mFBg6blaxcJ09STpt3ziEkis6bhg1uwrWU7txw==}
    engines: {node: '>=18.0.0'}

  '@smithy/node-config-provider@4.3.12':
    resolution: {integrity: sha512-tr2oKX2xMcO+rBOjobSwVAkV05SIfUKz8iI53rzxEmgW3GOOPOv0UioSDk+J8OpRQnpnhsO3Af6IEBabQBVmiw==}
    engines: {node: '>=18.0.0'}

  '@smithy/node-http-handler@4.5.1':
    resolution: {integrity: sha512-ejjxdAXjkPIs9lyYyVutOGNOraqUE9v/NjGMKwwFrfOM354wfSD8lmlj8hVwUzQmlLLF4+udhfCX9Exnbmvfzw==}
    engines: {node: '>=18.0.0'}

  '@smithy/property-provider@4.2.12':
    resolution: {integrity: sha512-jqve46eYU1v7pZ5BM+fmkbq3DerkSluPr5EhvOcHxygxzD05ByDRppRwRPPpFrsFo5yDtCYLKu+kreHKVrvc7A==}
    engines: {node: '>=18.0.0'}

  '@smithy/protocol-http@5.3.12':
    resolution: {integrity: sha512-fit0GZK9I1xoRlR4jXmbLhoN0OdEpa96ul8M65XdmXnxXkuMxM0Y8HDT0Fh0Xb4I85MBvBClOzgSrV1X2s1Hxw==}
    engines: {node: '>=18.0.0'}

  '@smithy/querystring-builder@4.2.12':
    resolution: {integrity: sha512-6wTZjGABQufekycfDGMEB84BgtdOE/rCVTov+EDXQ8NHKTUNIp/j27IliwP7tjIU9LR+sSzyGBOXjeEtVgzCHg==}
    engines: {node: '>=18.0.0'}

  '@smithy/querystring-parser@4.2.12':
    resolution: {integrity: sha512-P2OdvrgiAKpkPNKlKUtWbNZKB1XjPxM086NeVhK+W+wI46pIKdWBe5QyXvhUm3MEcyS/rkLvY8rZzyUdmyDZBw==}
    engines: {node: '>=18.0.0'}

  '@smithy/service-error-classification@4.2.12':
    resolution: {integrity: sha512-LlP29oSQN0Tw0b6D0Xo6BIikBswuIiGYbRACy5ujw/JgWSzTdYj46U83ssf6Ux0GyNJVivs2uReU8pt7Eu9okQ==}
    engines: {node: '>=18.0.0'}

  '@smithy/shared-ini-file-loader@4.4.7':
    resolution: {integrity: sha512-HrOKWsUb+otTeo1HxVWeEb99t5ER1XrBi/xka2Wv6NVmTbuCUC1dvlrksdvxFtODLBjsC+PHK+fuy2x/7Ynyiw==}
    engines: {node: '>=18.0.0'}

  '@smithy/signature-v4@5.3.12':
    resolution: {integrity: sha512-B/FBwO3MVOL00DaRSXfXfa/TRXRheagt/q5A2NM13u7q+sHS59EOVGQNfG7DkmVtdQm5m3vOosoKAXSqn/OEgw==}
    engines: {node: '>=18.0.0'}

  '@smithy/smithy-client@4.12.8':
    resolution: {integrity: sha512-aJaAX7vHe5i66smoSSID7t4rKY08PbD8EBU7DOloixvhOozfYWdcSYE4l6/tjkZ0vBZhGjheWzB2mh31sLgCMA==}
    engines: {node: '>=18.0.0'}

  '@smithy/types@4.13.1':
    resolution: {integrity: sha512-787F3yzE2UiJIQ+wYW1CVg2odHjmaWLGksnKQHUrK/lYZSEcy1msuLVvxaR/sI2/aDe9U+TBuLsXnr3vod1g0g==}
    engines: {node: '>=18.0.0'}

  '@smithy/url-parser@4.2.12':
    resolution: {integrity: sha512-wOPKPEpso+doCZGIlr+e1lVI6+9VAKfL4kZWFgzVgGWY2hZxshNKod4l2LXS3PRC9otH/JRSjtEHqQ/7eLciRA==}
    engines: {node: '>=18.0.0'}

  '@smithy/util-base64@4.3.2':
    resolution: {integrity: sha512-XRH6b0H/5A3SgblmMa5ErXQ2XKhfbQB+Fm/oyLZ2O2kCUrwgg55bU0RekmzAhuwOjA9qdN5VU2BprOvGGUkOOQ==}
    engines: {node: '>=18.0.0'}

  '@smithy/util-body-length-browser@4.2.2':
    resolution: {integrity: sha512-JKCrLNOup3OOgmzeaKQwi4ZCTWlYR5H4Gm1r2uTMVBXoemo1UEghk5vtMi1xSu2ymgKVGW631e2fp9/R610ZjQ==}
    engines: {node: '>=18.0.0'}

  '@smithy/util-body-length-node@4.2.3':
    resolution: {integrity: sha512-ZkJGvqBzMHVHE7r/hcuCxlTY8pQr1kMtdsVPs7ex4mMU+EAbcXppfo5NmyxMYi2XU49eqaz56j2gsk4dHHPG/g==}
    engines: {node: '>=18.0.0'}

  '@smithy/util-buffer-from@2.2.0':
    resolution: {integrity: sha512-IJdWBbTcMQ6DA0gdNhh/BwrLkDR+ADW5Kr1aZmd4k3DIF6ezMV4R2NIAmT08wQJ3yUK82thHWmC/TnK/wpMMIA==}
    engines: {node: '>=14.0.0'}

  '@smithy/util-buffer-from@4.2.2':
    resolution: {integrity: sha512-FDXD7cvUoFWwN6vtQfEta540Y/YBe5JneK3SoZg9bThSoOAC/eGeYEua6RkBgKjGa/sz6Y+DuBZj3+YEY21y4Q==}
    engines: {node: '>=18.0.0'}

  '@smithy/util-config-provider@4.2.2':
    resolution: {integrity: sha512-dWU03V3XUprJwaUIFVv4iOnS1FC9HnMHDfUrlNDSh4315v0cWyaIErP8KiqGVbf5z+JupoVpNM7ZB3jFiTejvQ==}
    engines: {node: '>=18.0.0'}

  '@smithy/util-defaults-mode-browser@4.3.44':
    resolution: {integrity: sha512-eZg6XzaCbVr2S5cAErU5eGBDaOVTuTo1I65i4tQcHENRcZ8rMWhQy1DaIYUSLyZjsfXvmCqZrstSMYyGFocvHA==}
    engines: {node: '>=18.0.0'}

  '@smithy/util-defaults-mode-node@4.2.48':
    resolution: {integrity: sha512-FqOKTlqSaoV3nzO55pMs5NBnZX8EhoI0DGmn9kbYeXWppgHD6dchyuj2HLqp4INJDJbSrj6OFYJkAh/WhSzZPg==}
    engines: {node: '>=18.0.0'}

  '@smithy/util-endpoints@3.3.3':
    resolution: {integrity: sha512-VACQVe50j0HZPjpwWcjyT51KUQ4AnsvEaQ2lKHOSL4mNLD0G9BjEniQ+yCt1qqfKfiAHRAts26ud7hBjamrwig==}
    engines: {node: '>=18.0.0'}

  '@smithy/util-hex-encoding@4.2.2':
    resolution: {integrity: sha512-Qcz3W5vuHK4sLQdyT93k/rfrUwdJ8/HZ+nMUOyGdpeGA1Wxt65zYwi3oEl9kOM+RswvYq90fzkNDahPS8K0OIg==}
    engines: {node: '>=18.0.0'}

  '@smithy/util-middleware@4.2.12':
    resolution: {integrity: sha512-Er805uFUOvgc0l8nv0e0su0VFISoxhJ/AwOn3gL2NWNY2LUEldP5WtVcRYSQBcjg0y9NfG8JYrCJaYDpupBHJQ==}
    engines: {node: '>=18.0.0'}

  '@smithy/util-retry@4.2.12':
    resolution: {integrity: sha512-1zopLDUEOwumjcHdJ1mwBHddubYF8GMQvstVCLC54Y46rqoHwlIU+8ZzUeaBcD+WCJHyDGSeZ2ml9YSe9aqcoQ==}
    engines: {node: '>=18.0.0'}

  '@smithy/util-stream@4.5.21':
    resolution: {integrity: sha512-KzSg+7KKywLnkoKejRtIBXDmwBfjGvg1U1i/etkC7XSWUyFCoLno1IohV2c74IzQqdhX5y3uE44r/8/wuK+A7Q==}
    engines: {node: '>=18.0.0'}

  '@smithy/util-uri-escape@4.2.2':
    resolution: {integrity: sha512-2kAStBlvq+lTXHyAZYfJRb/DfS3rsinLiwb+69SstC9Vb0s9vNWkRwpnj918Pfi85mzi42sOqdV72OLxWAISnw==}
    engines: {node: '>=18.0.0'}

  '@smithy/util-utf8@2.3.0':
    resolution: {integrity: sha512-R8Rdn8Hy72KKcebgLiv8jQcQkXoLMOGGv5uI1/k0l+snqkOzQ1R0ChUBCxWMlBsFMekWjq0wRudIweFs7sKT5A==}
    engines: {node: '>=14.0.0'}

  '@smithy/util-utf8@4.2.2':
    resolution: {integrity: sha512-75MeYpjdWRe8M5E3AW0O4Cx3UadweS+cwdXjwYGBW5h/gxxnbeZ877sLPX/ZJA9GVTlL/qG0dXP29JWFCD1Ayw==}
    engines: {node: '>=18.0.0'}

  '@smithy/util-waiter@4.2.14':
    resolution: {integrity: sha512-2zqq5o/oizvMaFUlNiTyZ7dbgYv1a893aGut2uaxtbzTx/VYYnRxWzDHuD/ftgcw94ffenua+ZNLrbqwUYE+Bg==}
    engines: {node: '>=18.0.0'}

  '@smithy/uuid@1.1.2':
    resolution: {integrity: sha512-O/IEdcCUKkubz60tFbGA7ceITTAJsty+lBjNoorP4Z6XRqaFb/OjQjZODophEcuq68nKm6/0r+6/lLQ+XVpk8g==}
    engines: {node: '>=18.0.0'}

  abort-controller@3.0.0:
    resolution: {integrity: sha512-h8lQ8tacZYnR3vNQTgibj+tODHI5/+l06Au2Pcriv/Gmet0eaj4TwWH41sO9wnHDiQsEj19q0drzdWdeAHtweg==}
    engines: {node: '>=6.5'}

  asynckit@0.4.0:
    resolution: {integrity: sha512-Oei9OH4tRh0YqU3GxhX79dM/mwVgvbZJaSNaRk+bshkj0S5cfHcgYakreBjrHwatXKbz+IoIdYLxrKim2MjW0Q==}

  base64-js@1.5.1:
    resolution: {integrity: sha512-AKpaYlHn8t4SVbOHCy+b5+KKgvR4vrsD8vbvrbiQJps7fKDTkjkDry6ji0rUJjC0kzbNePLwzxq8iypo41qeWA==}

  bowser@2.14.1:
    resolution: {integrity: sha512-tzPjzCxygAKWFOJP011oxFHs57HzIhOEracIgAePE4pqB3LikALKnSzUyU4MGs9/iCEUuHlAJTjTc5M+u7YEGg==}

  buffer@6.0.3:
    resolution: {integrity: sha512-FTiCpNxtwiZZHEZbcbTIcZjERVICn9yq/pDFkTl95/AxzD1naBctN7YO68riM/gLSDY7sdrMby8hofADYuuqOA==}

  call-bind-apply-helpers@1.0.2:
    resolution: {integrity: sha512-Sp1ablJ0ivDkSzjcaJdxEunN5/XvksFJ2sMBFfq6x0ryhQV/2b/KwFe21cMpmHtPOSij8K99/wSfoEuTObmuMQ==}
    engines: {node: '>= 0.4'}

  cohere-ai@7.21.0:
    resolution: {integrity: sha512-AouvBkDho9gnEAnk5oY99p/VHfjP6AkDhZLv/tyB2TIFm7IEd6QQl00jaqBtAbOZnMT297Scq3pkqOUCTr886A==}
    engines: {node: '>=18.0.0'}

  combined-stream@1.0.8:
    resolution: {integrity: sha512-FQN4MRfuJeHf7cBbBMJFXhKSDq+2kAArBlmRBvcvFE5BB1HZKXtSFASDhdlz9zOYwxh8lDdnvmMOe/+5cdoEdg==}
    engines: {node: '>= 0.8'}

  convict@6.2.5:
    resolution: {integrity: sha512-JtXpxqDqJ8P0UwEHwhxLzCIXQy97vlYBZR222Sbzb1q1Erex9ASrztJ29SyhWFQjod1AeFBaPzEEC8YvtZMIYg==}
    engines: {node: '>=6'}

  delayed-stream@1.0.0:
    resolution: {integrity: sha512-ZySD7Nf91aLB0RxL4KGrKHBXl7Eds1DAmEdcoVawXnLD7SDhpNgtuII2aAkg7a7QS41jxPSZ17p4VdGnMHk3MQ==}
    engines: {node: '>=0.4.0'}

  dunder-proto@1.0.1:
    resolution: {integrity: sha512-KIN/nDJBQRcXw0MLVhZE9iQHmG68qAVIBg9CqmUYjmQIhgij9U5MFvrqkUL5FbtyyzZuOeOt0zdeRe4UY7ct+A==}
    engines: {node: '>= 0.4'}

  es-define-property@1.0.1:
    resolution: {integrity: sha512-e3nRfgfUZ4rNGL232gUgX06QNyyez04KdjFrF+LTRoOXmrOgFKDg4BCdsjW8EnT69eqdYGmRpJwiPVYNrCaW3g==}
    engines: {node: '>= 0.4'}

  es-errors@1.3.0:
    resolution: {integrity: sha512-Zf5H2Kxt2xjTvbJvP2ZWLEICxA6j+hAmMzIlypy4xcBg1vKVnx89Wy0GbS+kf5cwCVFFzdCFh2XSCFNULS6csw==}
    engines: {node: '>= 0.4'}

  es-object-atoms@1.1.1:
    resolution: {integrity: sha512-FGgH2h8zKNim9ljj7dankFPcICIK9Cp5bm+c2gQSYePhpaG5+esrLODihIorn+Pe6FGJzWhXQotPv73jTaldXA==}
    engines: {node: '>= 0.4'}

  es-set-tostringtag@2.1.0:
    resolution: {integrity: sha512-j6vWzfrGVfyXxge+O0x5sh6cvxAog0a/4Rdd2K36zCMV5eJ+/+tOAngRO8cODMNWbVRdVlmGZQL2YS3yR8bIUA==}
    engines: {node: '>= 0.4'}

  event-target-shim@5.0.1:
    resolution: {integrity: sha512-i/2XbnSz/uxRCU6+NdVJgKWDTM427+MqYbkQzD321DuCQJUqOuJKIA0IM2+W2xtYHdKOmZ4dR6fExsd4SXL+WQ==}
    engines: {node: '>=6'}

  events@3.3.0:
    resolution: {integrity: sha512-mQw+2fkQbALzQ7V0MY0IqdnXNOeTtP4r0lN9z7AAawCXgqea7bDii20AYrIBrFd/Hx0M2Ocz6S111CaFkUcb0Q==}
    engines: {node: '>=0.8.x'}

  fast-xml-builder@1.1.4:
    resolution: {integrity: sha512-f2jhpN4Eccy0/Uz9csxh3Nu6q4ErKxf0XIsasomfOihuSUa3/xw6w8dnOtCDgEItQFJG8KyXPzQXzcODDrrbOg==}

  fast-xml-parser@5.5.8:
    resolution: {integrity: sha512-Z7Fh2nVQSb2d+poDViM063ix2ZGt9jmY1nWhPfHBOK2Hgnb/OW3P4Et3P/81SEej0J7QbWtJqxO05h8QYfK7LQ==}
    hasBin: true

  form-data-encoder@4.1.0:
    resolution: {integrity: sha512-G6NsmEW15s0Uw9XnCg+33H3ViYRyiM0hMrMhhqQOR8NFc5GhYrI+6I3u7OTw7b91J2g8rtvMBZJDbcGb2YUniw==}
    engines: {node: '>= 18'}

  form-data@4.0.5:
    resolution: {integrity: sha512-8RipRLol37bNs2bhoV67fiTEvdTrbMUYcFTiy3+wuuOnUog2QBHCZWXDRijWQfAkhBj2Uf5UnVaiWwA5vdd82w==}
    engines: {node: '>= 6'}

  formdata-node@6.0.3:
    resolution: {integrity: sha512-8e1++BCiTzUno9v5IZ2J6bv4RU+3UKDmqWUQD0MIMVCd9AdhWkO1gw57oo1mNEX1dMq2EGI+FbWz4B92pscSQg==}
    engines: {node: '>= 18'}

  function-bind@1.1.2:
    resolution: {integrity: sha512-7XHNxH7qX9xG5mIwxkhumTox/MIRNcOgDrxWsMt2pAr23WHp6MrRlN7FBSFpCpr+oVO0F744iUgR82nJMfG2SA==}

  get-intrinsic@1.3.0:
    resolution: {integrity: sha512-9fSjSaos/fRIVIp+xSJlE6lfwhES7LNtKaCBIamHsjr2na1BiABJPo0mOjjz8GJDURarmCPGqaiVg5mfjb98CQ==}
    engines: {node: '>= 0.4'}

  get-proto@1.0.1:
    resolution: {integrity: sha512-sTSfBjoXBp89JvIKIefqw7U2CCebsc74kiY6awiGogKtoSGbgjYE/G/+l9sF3MWFPNc9IcoOC4ODfKHfxFmp0g==}
    engines: {node: '>= 0.4'}

  gopd@1.2.0:
    resolution: {integrity: sha512-ZUKRh6/kUFoAiTAtTYPZJ3hw9wNxx+BIBOijnlG9PnrJsCcSjs1wyyD6vJpaYtgnzDrKYRSqf3OO6Rfa93xsRg==}
    engines: {node: '>= 0.4'}

  has-symbols@1.1.0:
    resolution: {integrity: sha512-1cDNdwJ2Jaohmb3sg4OmKaMBwuC48sYni5HUw2DvsC8LjGTLK9h+eb1X6RyuOHe4hT0ULCW68iomhjUoKUqlPQ==}
    engines: {node: '>= 0.4'}

  has-tostringtag@1.0.2:
    resolution: {integrity: sha512-NqADB8VjPFLM2V0VvHUewwwsw0ZWBaIdgo+ieHtK3hasLz4qeCRjYcqfB6AQrBggRKppKF8L52/VqdVsO47Dlw==}
    engines: {node: '>= 0.4'}

  hasown@2.0.2:
    resolution: {integrity: sha512-0hJU9SCPvmMzIBdZFqNPXWa6dqh7WdH0cII9y+CyS8rG3nL48Bclra9HmKhVVUHyPWNH5Y7xDwAB7bfgSjkUMQ==}
    engines: {node: '>= 0.4'}

  ieee754@1.2.1:
    resolution: {integrity: sha512-dcyqhDvX1C46lXZcVqCpK+FtMRQVdIMN6/Df5js2zouUsqG7I6sFxitIC+7KYK29KdXOLHdu9zL4sFnoVQnqaA==}

  lodash.clonedeep@4.5.0:
    resolution: {integrity: sha512-H5ZhCF25riFd9uB5UCkVKo61m3S/xZk1x4wA6yp/L3RFP6Z/eHH1ymQcGLo7J3GMPfm0V/7m1tryHuGVxpqEBQ==}

  math-intrinsics@1.1.0:
    resolution: {integrity: sha512-/IXtbwEk5HTPyEwyKX6hGkYXxM9nbj64B+ilVJnC/R6B0pH5G4V3b0pVbL7DBj4tkhBAppbQUlf6F6Xl9LHu1g==}
    engines: {node: '>= 0.4'}

  mime-db@1.52.0:
    resolution: {integrity: sha512-sPU4uV7dYlvtWJxwwxHD0PuihVNiE7TyAbQ5SWxDCB9mUYvOgroQOwYQQOKPJ8CIbE+1ETVlOoK1UC2nU3gYvg==}
    engines: {node: '>= 0.6'}

  mime-types@2.1.35:
    resolution: {integrity: sha512-ZDY+bPm5zTTF+YpCrAU9nK0UgICYPT0QtT1NZWFv4s++TNkcgVaT0g6+4R2uI4MjQjzysHB1zxuWL50hzaeXiw==}
    engines: {node: '>= 0.6'}

  path-expression-matcher@1.2.0:
    resolution: {integrity: sha512-DwmPWeFn+tq7TiyJ2CxezCAirXjFxvaiD03npak3cRjlP9+OjTmSy1EpIrEbh+l6JgUundniloMLDQ/6VTdhLQ==}
    engines: {node: '>=14.0.0'}

  process@0.11.10:
    resolution: {integrity: sha512-cdGef/drWFoydD1JsMzuFf8100nZl+GT+yacc2bEced5f9Rjk4z+WtFUTBu9PhOi9j/jfmBPu0mMEY4wIdAF8A==}
    engines: {node: '>= 0.6.0'}

  readable-stream@4.7.0:
    resolution: {integrity: sha512-oIGGmcpTLwPga8Bn6/Z75SVaH1z5dUut2ibSyAMVhmUggWpmDn2dapB0n7f8nwaSiRtepAsfJyfXIO5DCVAODg==}
    engines: {node: ^12.22.0 || ^14.17.0 || >=16.0.0}

  safe-buffer@5.2.1:
    resolution: {integrity: sha512-rp3So07KcdmmKbGvgaNxQSJr7bGVSVk5S9Eq1F+ppbRo70+YeaDxkw5Dd8NPN+GD6bjnYm2VuPuCXmpuYvmCXQ==}

  string_decoder@1.3.0:
    resolution: {integrity: sha512-hkRX8U1WjJFd8LsDJ2yQ/wWWxaopEsABU1XfkM8A+j0+85JAGppt16cr1Whg6KIbb4okU6Mql6BOj+uup/wKeA==}

  strnum@2.2.2:
    resolution: {integrity: sha512-DnR90I+jtXNSTXWdwrEy9FakW7UX+qUZg28gj5fk2vxxl7uS/3bpI4fjFYVmdK9etptYBPNkpahuQnEwhwECqA==}

  tslib@2.8.1:
    resolution: {integrity: sha512-oJFu94HQb+KVduSUQL7wnpmqnfmLsOA/nAh6b6EH0wCEoK0/mPeXU6c3wKDV83MkOuHPRHtSXKKU99IBazS/2w==}

  yargs-parser@20.2.9:
    resolution: {integrity: sha512-y11nGElTIV+CT3Zv9t7VKl+Q3hTQoT9a1Qzezhhl6Rp21gJ/IVTW7Z3y9EWXhuUBC2Shnf+DX0antecpAwSP8w==}
    engines: {node: '>=10'}

snapshots:

  '@aws-crypto/sha256-browser@5.2.0':
    dependencies:
      '@aws-crypto/sha256-js': 5.2.0
      '@aws-crypto/supports-web-crypto': 5.2.0
      '@aws-crypto/util': 5.2.0
      '@aws-sdk/types': 3.973.6
      '@aws-sdk/util-locate-window': 3.965.5
      '@smithy/util-utf8': 2.3.0
      tslib: 2.8.1

  '@aws-crypto/sha256-js@5.2.0':
    dependencies:
      '@aws-crypto/util': 5.2.0
      '@aws-sdk/types': 3.973.6
      tslib: 2.8.1

  '@aws-crypto/supports-web-crypto@5.2.0':
    dependencies:
      tslib: 2.8.1

  '@aws-crypto/util@5.2.0':
    dependencies:
      '@aws-sdk/types': 3.973.6
      '@smithy/util-utf8': 2.3.0
      tslib: 2.8.1

  '@aws-sdk/client-cognito-identity@3.1020.0':
    dependencies:
      '@aws-crypto/sha256-browser': 5.2.0
      '@aws-crypto/sha256-js': 5.2.0
      '@aws-sdk/core': 3.973.26
      '@aws-sdk/credential-provider-node': 3.972.28
      '@aws-sdk/middleware-host-header': 3.972.8
      '@aws-sdk/middleware-logger': 3.972.8
      '@aws-sdk/middleware-recursion-detection': 3.972.9
      '@aws-sdk/middleware-user-agent': 3.972.27
      '@aws-sdk/region-config-resolver': 3.972.10
      '@aws-sdk/types': 3.973.6
      '@aws-sdk/util-endpoints': 3.996.5
      '@aws-sdk/util-user-agent-browser': 3.972.8
      '@aws-sdk/util-user-agent-node': 3.973.13
      '@smithy/config-resolver': 4.4.13
      '@smithy/core': 3.23.13
      '@smithy/fetch-http-handler': 5.3.15
      '@smithy/hash-node': 4.2.12
      '@smithy/invalid-dependency': 4.2.12
      '@smithy/middleware-content-length': 4.2.12
      '@smithy/middleware-endpoint': 4.4.28
      '@smithy/middleware-retry': 4.4.45
      '@smithy/middleware-serde': 4.2.16
      '@smithy/middleware-stack': 4.2.12
      '@smithy/node-config-provider': 4.3.12
      '@smithy/node-http-handler': 4.5.1
      '@smithy/protocol-http': 5.3.12
      '@smithy/smithy-client': 4.12.8
      '@smithy/types': 4.13.1
      '@smithy/url-parser': 4.2.12
      '@smithy/util-base64': 4.3.2
      '@smithy/util-body-length-browser': 4.2.2
      '@smithy/util-body-length-node': 4.2.3
      '@smithy/util-defaults-mode-browser': 4.3.44
      '@smithy/util-defaults-mode-node': 4.2.48
      '@smithy/util-endpoints': 3.3.3
      '@smithy/util-middleware': 4.2.12
      '@smithy/util-retry': 4.2.12
      '@smithy/util-utf8': 4.2.2
      tslib: 2.8.1
    transitivePeerDependencies:
      - aws-crt

  '@aws-sdk/client-sagemaker@3.1020.0':
    dependencies:
      '@aws-crypto/sha256-browser': 5.2.0
      '@aws-crypto/sha256-js': 5.2.0
      '@aws-sdk/core': 3.973.26
      '@aws-sdk/credential-provider-node': 3.972.28
      '@aws-sdk/middleware-host-header': 3.972.8
      '@aws-sdk/middleware-logger': 3.972.8
      '@aws-sdk/middleware-recursion-detection': 3.972.9
      '@aws-sdk/middleware-user-agent': 3.972.27
      '@aws-sdk/region-config-resolver': 3.972.10
      '@aws-sdk/types': 3.973.6
      '@aws-sdk/util-endpoints': 3.996.5
      '@aws-sdk/util-user-agent-browser': 3.972.8
      '@aws-sdk/util-user-agent-node': 3.973.13
      '@smithy/config-resolver': 4.4.13
      '@smithy/core': 3.23.13
      '@smithy/fetch-http-handler': 5.3.15
      '@smithy/hash-node': 4.2.12
      '@smithy/invalid-dependency': 4.2.12
      '@smithy/middleware-content-length': 4.2.12
      '@smithy/middleware-endpoint': 4.4.28
      '@smithy/middleware-retry': 4.4.45
      '@smithy/middleware-serde': 4.2.16
      '@smithy/middleware-stack': 4.2.12
      '@smithy/node-config-provider': 4.3.12
      '@smithy/node-http-handler': 4.5.1
      '@smithy/protocol-http': 5.3.12
      '@smithy/smithy-client': 4.12.8
      '@smithy/types': 4.13.1
      '@smithy/url-parser': 4.2.12
      '@smithy/util-base64': 4.3.2
      '@smithy/util-body-length-browser': 4.2.2
      '@smithy/util-body-length-node': 4.2.3
      '@smithy/util-defaults-mode-browser': 4.3.44
      '@smithy/util-defaults-mode-node': 4.2.48
      '@smithy/util-endpoints': 3.3.3
      '@smithy/util-middleware': 4.2.12
      '@smithy/util-retry': 4.2.12
      '@smithy/util-utf8': 4.2.2
      '@smithy/util-waiter': 4.2.14
      tslib: 2.8.1
    transitivePeerDependencies:
      - aws-crt

  '@aws-sdk/core@3.973.26':
    dependencies:
      '@aws-sdk/types': 3.973.6
      '@aws-sdk/xml-builder': 3.972.16
      '@smithy/core': 3.23.13
      '@smithy/node-config-provider': 4.3.12
      '@smithy/property-provider': 4.2.12
      '@smithy/protocol-http': 5.3.12
      '@smithy/signature-v4': 5.3.12
      '@smithy/smithy-client': 4.12.8
      '@smithy/types': 4.13.1
      '@smithy/util-base64': 4.3.2
      '@smithy/util-middleware': 4.2.12
      '@smithy/util-utf8': 4.2.2
      tslib: 2.8.1

  '@aws-sdk/credential-provider-cognito-identity@3.972.20':
    dependencies:
      '@aws-sdk/nested-clients': 3.996.17
      '@aws-sdk/types': 3.973.6
      '@smithy/property-provider': 4.2.12
      '@smithy/types': 4.13.1
      tslib: 2.8.1
    transitivePeerDependencies:
      - aws-crt

  '@aws-sdk/credential-provider-env@3.972.24':
    dependencies:
      '@aws-sdk/core': 3.973.26
      '@aws-sdk/types': 3.973.6
      '@smithy/property-provider': 4.2.12
      '@smithy/types': 4.13.1
      tslib: 2.8.1

  '@aws-sdk/credential-provider-http@3.972.26':
    dependencies:
      '@aws-sdk/core': 3.973.26
      '@aws-sdk/types': 3.973.6
      '@smithy/fetch-http-handler': 5.3.15
      '@smithy/node-http-handler': 4.5.1
      '@smithy/property-provider': 4.2.12
      '@smithy/protocol-http': 5.3.12
      '@smithy/smithy-client': 4.12.8
      '@smithy/types': 4.13.1
      '@smithy/util-stream': 4.5.21
      tslib: 2.8.1

  '@aws-sdk/credential-provider-ini@3.972.27':
    dependencies:
      '@aws-sdk/core': 3.973.26
      '@aws-sdk/credential-provider-env': 3.972.24
      '@aws-sdk/credential-provider-http': 3.972.26
      '@aws-sdk/credential-provider-login': 3.972.27
      '@aws-sdk/credential-provider-process': 3.972.24
      '@aws-sdk/credential-provider-sso': 3.972.27
      '@aws-sdk/credential-provider-web-identity': 3.972.27
      '@aws-sdk/nested-clients': 3.996.17
      '@aws-sdk/types': 3.973.6
      '@smithy/credential-provider-imds': 4.2.12
      '@smithy/property-provider': 4.2.12
      '@smithy/shared-ini-file-loader': 4.4.7
      '@smithy/types': 4.13.1
      tslib: 2.8.1
    transitivePeerDependencies:
      - aws-crt

  '@aws-sdk/credential-provider-login@3.972.27':
    dependencies:
      '@aws-sdk/core': 3.973.26
      '@aws-sdk/nested-clients': 3.996.17
      '@aws-sdk/types': 3.973.6
      '@smithy/property-provider': 4.2.12
      '@smithy/protocol-http': 5.3.12
      '@smithy/shared-ini-file-loader': 4.4.7
      '@smithy/types': 4.13.1
      tslib: 2.8.1
    transitivePeerDependencies:
      - aws-crt

  '@aws-sdk/credential-provider-node@3.972.28':
    dependencies:
      '@aws-sdk/credential-provider-env': 3.972.24
      '@aws-sdk/credential-provider-http': 3.972.26
      '@aws-sdk/credential-provider-ini': 3.972.27
      '@aws-sdk/credential-provider-process': 3.972.24
      '@aws-sdk/credential-provider-sso': 3.972.27
      '@aws-sdk/credential-provider-web-identity': 3.972.27
      '@aws-sdk/types': 3.973.6
      '@smithy/credential-provider-imds': 4.2.12
      '@smithy/property-provider': 4.2.12
      '@smithy/shared-ini-file-loader': 4.4.7
      '@smithy/types': 4.13.1
      tslib: 2.8.1
    transitivePeerDependencies:
      - aws-crt

  '@aws-sdk/credential-provider-process@3.972.24':
    dependencies:
      '@aws-sdk/core': 3.973.26
      '@aws-sdk/types': 3.973.6
      '@smithy/property-provider': 4.2.12
      '@smithy/shared-ini-file-loader': 4.4.7
      '@smithy/types': 4.13.1
      tslib: 2.8.1

  '@aws-sdk/credential-provider-sso@3.972.27':
    dependencies:
      '@aws-sdk/core': 3.973.26
      '@aws-sdk/nested-clients': 3.996.17
      '@aws-sdk/token-providers': 3.1020.0
      '@aws-sdk/types': 3.973.6
      '@smithy/property-provider': 4.2.12
      '@smithy/shared-ini-file-loader': 4.4.7
      '@smithy/types': 4.13.1
      tslib: 2.8.1
    transitivePeerDependencies:
      - aws-crt

  '@aws-sdk/credential-provider-web-identity@3.972.27':
    dependencies:
      '@aws-sdk/core': 3.973.26
      '@aws-sdk/nested-clients': 3.996.17
      '@aws-sdk/types': 3.973.6
      '@smithy/property-provider': 4.2.12
      '@smithy/shared-ini-file-loader': 4.4.7
      '@smithy/types': 4.13.1
      tslib: 2.8.1
    transitivePeerDependencies:
      - aws-crt

  '@aws-sdk/credential-providers@3.1020.0':
    dependencies:
      '@aws-sdk/client-cognito-identity': 3.1020.0
      '@aws-sdk/core': 3.973.26
      '@aws-sdk/credential-provider-cognito-identity': 3.972.20
      '@aws-sdk/credential-provider-env': 3.972.24
      '@aws-sdk/credential-provider-http': 3.972.26
      '@aws-sdk/credential-provider-ini': 3.972.27
      '@aws-sdk/credential-provider-login': 3.972.27
      '@aws-sdk/credential-provider-node': 3.972.28
      '@aws-sdk/credential-provider-process': 3.972.24
      '@aws-sdk/credential-provider-sso': 3.972.27
      '@aws-sdk/credential-provider-web-identity': 3.972.27
      '@aws-sdk/nested-clients': 3.996.17
      '@aws-sdk/types': 3.973.6
      '@smithy/config-resolver': 4.4.13
      '@smithy/core': 3.23.13
      '@smithy/credential-provider-imds': 4.2.12
      '@smithy/node-config-provider': 4.3.12
      '@smithy/property-provider': 4.2.12
      '@smithy/types': 4.13.1
      tslib: 2.8.1
    transitivePeerDependencies:
      - aws-crt

  '@aws-sdk/middleware-host-header@3.972.8':
    dependencies:
      '@aws-sdk/types': 3.973.6
      '@smithy/protocol-http': 5.3.12
      '@smithy/types': 4.13.1
      tslib: 2.8.1

  '@aws-sdk/middleware-logger@3.972.8':
    dependencies:
      '@aws-sdk/types': 3.973.6
      '@smithy/types': 4.13.1
      tslib: 2.8.1

  '@aws-sdk/middleware-recursion-detection@3.972.9':
    dependencies:
      '@aws-sdk/types': 3.973.6
      '@aws/lambda-invoke-store': 0.2.4
      '@smithy/protocol-http': 5.3.12
      '@smithy/types': 4.13.1
      tslib: 2.8.1

  '@aws-sdk/middleware-user-agent@3.972.27':
    dependencies:
      '@aws-sdk/core': 3.973.26
      '@aws-sdk/types': 3.973.6
      '@aws-sdk/util-endpoints': 3.996.5
      '@smithy/core': 3.23.13
      '@smithy/protocol-http': 5.3.12
      '@smithy/types': 4.13.1
      '@smithy/util-retry': 4.2.12
      tslib: 2.8.1

  '@aws-sdk/nested-clients@3.996.17':
    dependencies:
      '@aws-crypto/sha256-browser': 5.2.0
      '@aws-crypto/sha256-js': 5.2.0
      '@aws-sdk/core': 3.973.26
      '@aws-sdk/middleware-host-header': 3.972.8
      '@aws-sdk/middleware-logger': 3.972.8
      '@aws-sdk/middleware-recursion-detection': 3.972.9
      '@aws-sdk/middleware-user-agent': 3.972.27
      '@aws-sdk/region-config-resolver': 3.972.10
      '@aws-sdk/types': 3.973.6
      '@aws-sdk/util-endpoints': 3.996.5
      '@aws-sdk/util-user-agent-browser': 3.972.8
      '@aws-sdk/util-user-agent-node': 3.973.13
      '@smithy/config-resolver': 4.4.13
      '@smithy/core': 3.23.13
      '@smithy/fetch-http-handler': 5.3.15
      '@smithy/hash-node': 4.2.12
      '@smithy/invalid-dependency': 4.2.12
      '@smithy/middleware-content-length': 4.2.12
      '@smithy/middleware-endpoint': 4.4.28
      '@smithy/middleware-retry': 4.4.45
      '@smithy/middleware-serde': 4.2.16
      '@smithy/middleware-stack': 4.2.12
      '@smithy/node-config-provider': 4.3.12
      '@smithy/node-http-handler': 4.5.1
      '@smithy/protocol-http': 5.3.12
      '@smithy/smithy-client': 4.12.8
      '@smithy/types': 4.13.1
      '@smithy/url-parser': 4.2.12
      '@smithy/util-base64': 4.3.2
      '@smithy/util-body-length-browser': 4.2.2
      '@smithy/util-body-length-node': 4.2.3
      '@smithy/util-defaults-mode-browser': 4.3.44
      '@smithy/util-defaults-mode-node': 4.2.48
      '@smithy/util-endpoints': 3.3.3
      '@smithy/util-middleware': 4.2.12
      '@smithy/util-retry': 4.2.12
      '@smithy/util-utf8': 4.2.2
      tslib: 2.8.1
    transitivePeerDependencies:
      - aws-crt

  '@aws-sdk/region-config-resolver@3.972.10':
    dependencies:
      '@aws-sdk/types': 3.973.6
      '@smithy/config-resolver': 4.4.13
      '@smithy/node-config-provider': 4.3.12
      '@smithy/types': 4.13.1
      tslib: 2.8.1

  '@aws-sdk/token-providers@3.1020.0':
    dependencies:
      '@aws-sdk/core': 3.973.26
      '@aws-sdk/nested-clients': 3.996.17
      '@aws-sdk/types': 3.973.6
      '@smithy/property-provider': 4.2.12
      '@smithy/shared-ini-file-loader': 4.4.7
      '@smithy/types': 4.13.1
      tslib: 2.8.1
    transitivePeerDependencies:
      - aws-crt

  '@aws-sdk/types@3.973.6':
    dependencies:
      '@smithy/types': 4.13.1
      tslib: 2.8.1

  '@aws-sdk/util-endpoints@3.996.5':
    dependencies:
      '@aws-sdk/types': 3.973.6
      '@smithy/types': 4.13.1
      '@smithy/url-parser': 4.2.12
      '@smithy/util-endpoints': 3.3.3
      tslib: 2.8.1

  '@aws-sdk/util-locate-window@3.965.5':
    dependencies:
      tslib: 2.8.1

  '@aws-sdk/util-user-agent-browser@3.972.8':
    dependencies:
      '@aws-sdk/types': 3.973.6
      '@smithy/types': 4.13.1
      bowser: 2.14.1
      tslib: 2.8.1

  '@aws-sdk/util-user-agent-node@3.973.13':
    dependencies:
      '@aws-sdk/middleware-user-agent': 3.972.27
      '@aws-sdk/types': 3.973.6
      '@smithy/node-config-provider': 4.3.12
      '@smithy/types': 4.13.1
      '@smithy/util-config-provider': 4.2.2
      tslib: 2.8.1

  '@aws-sdk/xml-builder@3.972.16':
    dependencies:
      '@smithy/types': 4.13.1
      fast-xml-parser: 5.5.8
      tslib: 2.8.1

  '@aws/lambda-invoke-store@0.2.4': {}

  '@smithy/config-resolver@4.4.13':
    dependencies:
      '@smithy/node-config-provider': 4.3.12
      '@smithy/types': 4.13.1
      '@smithy/util-config-provider': 4.2.2
      '@smithy/util-endpoints': 3.3.3
      '@smithy/util-middleware': 4.2.12
      tslib: 2.8.1

  '@smithy/core@3.23.13':
    dependencies:
      '@smithy/protocol-http': 5.3.12
      '@smithy/types': 4.13.1
      '@smithy/url-parser': 4.2.12
      '@smithy/util-base64': 4.3.2
      '@smithy/util-body-length-browser': 4.2.2
      '@smithy/util-middleware': 4.2.12
      '@smithy/util-stream': 4.5.21
      '@smithy/util-utf8': 4.2.2
      '@smithy/uuid': 1.1.2
      tslib: 2.8.1

  '@smithy/credential-provider-imds@4.2.12':
    dependencies:
      '@smithy/node-config-provider': 4.3.12
      '@smithy/property-provider': 4.2.12
      '@smithy/types': 4.13.1
      '@smithy/url-parser': 4.2.12
      tslib: 2.8.1

  '@smithy/fetch-http-handler@5.3.15':
    dependencies:
      '@smithy/protocol-http': 5.3.12
      '@smithy/querystring-builder': 4.2.12
      '@smithy/types': 4.13.1
      '@smithy/util-base64': 4.3.2
      tslib: 2.8.1

  '@smithy/hash-node@4.2.12':
    dependencies:
      '@smithy/types': 4.13.1
      '@smithy/util-buffer-from': 4.2.2
      '@smithy/util-utf8': 4.2.2
      tslib: 2.8.1

  '@smithy/invalid-dependency@4.2.12':
    dependencies:
      '@smithy/types': 4.13.1
      tslib: 2.8.1

  '@smithy/is-array-buffer@2.2.0':
    dependencies:
      tslib: 2.8.1

  '@smithy/is-array-buffer@4.2.2':
    dependencies:
      tslib: 2.8.1

  '@smithy/middleware-content-length@4.2.12':
    dependencies:
      '@smithy/protocol-http': 5.3.12
      '@smithy/types': 4.13.1
      tslib: 2.8.1

  '@smithy/middleware-endpoint@4.4.28':
    dependencies:
      '@smithy/core': 3.23.13
      '@smithy/middleware-serde': 4.2.16
      '@smithy/node-config-provider': 4.3.12
      '@smithy/shared-ini-file-loader': 4.4.7
      '@smithy/types': 4.13.1
      '@smithy/url-parser': 4.2.12
      '@smithy/util-middleware': 4.2.12
      tslib: 2.8.1

  '@smithy/middleware-retry@4.4.45':
    dependencies:
      '@smithy/node-config-provider': 4.3.12
      '@smithy/protocol-http': 5.3.12
      '@smithy/service-error-classification': 4.2.12
      '@smithy/smithy-client': 4.12.8
      '@smithy/types': 4.13.1
      '@smithy/util-middleware': 4.2.12
      '@smithy/util-retry': 4.2.12
      '@smithy/uuid': 1.1.2
      tslib: 2.8.1

  '@smithy/middleware-serde@4.2.16':
    dependencies:
      '@smithy/core': 3.23.13
      '@smithy/protocol-http': 5.3.12
      '@smithy/types': 4.13.1
      tslib: 2.8.1

  '@smithy/middleware-stack@4.2.12':
    dependencies:
      '@smithy/types': 4.13.1
      tslib: 2.8.1

  '@smithy/node-config-provider@4.3.12':
    dependencies:
      '@smithy/property-provider': 4.2.12
      '@smithy/shared-ini-file-loader': 4.4.7
      '@smithy/types': 4.13.1
      tslib: 2.8.1

  '@smithy/node-http-handler@4.5.1':
    dependencies:
      '@smithy/protocol-http': 5.3.12
      '@smithy/querystring-builder': 4.2.12
      '@smithy/types': 4.13.1
      tslib: 2.8.1

  '@smithy/property-provider@4.2.12':
    dependencies:
      '@smithy/types': 4.13.1
      tslib: 2.8.1

  '@smithy/protocol-http@5.3.12':
    dependencies:
      '@smithy/types': 4.13.1
      tslib: 2.8.1

  '@smithy/querystring-builder@4.2.12':
    dependencies:
      '@smithy/types': 4.13.1
      '@smithy/util-uri-escape': 4.2.2
      tslib: 2.8.1

  '@smithy/querystring-parser@4.2.12':
    dependencies:
      '@smithy/types': 4.13.1
      tslib: 2.8.1

  '@smithy/service-error-classification@4.2.12':
    dependencies:
      '@smithy/types': 4.13.1

  '@smithy/shared-ini-file-loader@4.4.7':
    dependencies:
      '@smithy/types': 4.13.1
      tslib: 2.8.1

  '@smithy/signature-v4@5.3.12':
    dependencies:
      '@smithy/is-array-buffer': 4.2.2
      '@smithy/protocol-http': 5.3.12
      '@smithy/types': 4.13.1
      '@smithy/util-hex-encoding': 4.2.2
      '@smithy/util-middleware': 4.2.12
      '@smithy/util-uri-escape': 4.2.2
      '@smithy/util-utf8': 4.2.2
      tslib: 2.8.1

  '@smithy/smithy-client@4.12.8':
    dependencies:
      '@smithy/core': 3.23.13
      '@smithy/middleware-endpoint': 4.4.28
      '@smithy/middleware-stack': 4.2.12
      '@smithy/protocol-http': 5.3.12
      '@smithy/types': 4.13.1
      '@smithy/util-stream': 4.5.21
      tslib: 2.8.1

  '@smithy/types@4.13.1':
    dependencies:
      tslib: 2.8.1

  '@smithy/url-parser@4.2.12':
    dependencies:
      '@smithy/querystring-parser': 4.2.12
      '@smithy/types': 4.13.1
      tslib: 2.8.1

  '@smithy/util-base64@4.3.2':
    dependencies:
      '@smithy/util-buffer-from': 4.2.2
      '@smithy/util-utf8': 4.2.2
      tslib: 2.8.1

  '@smithy/util-body-length-browser@4.2.2':
    dependencies:
      tslib: 2.8.1

  '@smithy/util-body-length-node@4.2.3':
    dependencies:
      tslib: 2.8.1

  '@smithy/util-buffer-from@2.2.0':
    dependencies:
      '@smithy/is-array-buffer': 2.2.0
      tslib: 2.8.1

  '@smithy/util-buffer-from@4.2.2':
    dependencies:
      '@smithy/is-array-buffer': 4.2.2
      tslib: 2.8.1

  '@smithy/util-config-provider@4.2.2':
    dependencies:
      tslib: 2.8.1

  '@smithy/util-defaults-mode-browser@4.3.44':
    dependencies:
      '@smithy/property-provider': 4.2.12
      '@smithy/smithy-client': 4.12.8
      '@smithy/types': 4.13.1
      tslib: 2.8.1

  '@smithy/util-defaults-mode-node@4.2.48':
    dependencies:
      '@smithy/config-resolver': 4.4.13
      '@smithy/credential-provider-imds': 4.2.12
      '@smithy/node-config-provider': 4.3.12
      '@smithy/property-provider': 4.2.12
      '@smithy/smithy-client': 4.12.8
      '@smithy/types': 4.13.1
      tslib: 2.8.1

  '@smithy/util-endpoints@3.3.3':
    dependencies:
      '@smithy/node-config-provider': 4.3.12
      '@smithy/types': 4.13.1
      tslib: 2.8.1

  '@smithy/util-hex-encoding@4.2.2':
    dependencies:
      tslib: 2.8.1

  '@smithy/util-middleware@4.2.12':
    dependencies:
      '@smithy/types': 4.13.1
      tslib: 2.8.1

  '@smithy/util-retry@4.2.12':
    dependencies:
      '@smithy/service-error-classification': 4.2.12
      '@smithy/types': 4.13.1
      tslib: 2.8.1

  '@smithy/util-stream@4.5.21':
    dependencies:
      '@smithy/fetch-http-handler': 5.3.15
      '@smithy/node-http-handler': 4.5.1
      '@smithy/types': 4.13.1
      '@smithy/util-base64': 4.3.2
      '@smithy/util-buffer-from': 4.2.2
      '@smithy/util-hex-encoding': 4.2.2
      '@smithy/util-utf8': 4.2.2
      tslib: 2.8.1

  '@smithy/util-uri-escape@4.2.2':
    dependencies:
      tslib: 2.8.1

  '@smithy/util-utf8@2.3.0':
    dependencies:
      '@smithy/util-buffer-from': 2.2.0
      tslib: 2.8.1

  '@smithy/util-utf8@4.2.2':
    dependencies:
      '@smithy/util-buffer-from': 4.2.2
      tslib: 2.8.1

  '@smithy/util-waiter@4.2.14':
    dependencies:
      '@smithy/types': 4.13.1
      tslib: 2.8.1

  '@smithy/uuid@1.1.2':
    dependencies:
      tslib: 2.8.1

  abort-controller@3.0.0:
    dependencies:
      event-target-shim: 5.0.1

  asynckit@0.4.0: {}

  base64-js@1.5.1: {}

  bowser@2.14.1: {}

  buffer@6.0.3:
    dependencies:
      base64-js: 1.5.1
      ieee754: 1.2.1

  call-bind-apply-helpers@1.0.2:
    dependencies:
      es-errors: 1.3.0
      function-bind: 1.1.2

  cohere-ai@7.21.0:
    dependencies:
      '@aws-crypto/sha256-js': 5.2.0
      '@aws-sdk/client-sagemaker': 3.1020.0
      '@aws-sdk/credential-providers': 3.1020.0
      '@smithy/protocol-http': 5.3.12
      '@smithy/signature-v4': 5.3.12
      convict: 6.2.5
      form-data: 4.0.5
      form-data-encoder: 4.1.0
      formdata-node: 6.0.3
      readable-stream: 4.7.0
    transitivePeerDependencies:
      - aws-crt

  combined-stream@1.0.8:
    dependencies:
      delayed-stream: 1.0.0

  convict@6.2.5:
    dependencies:
      lodash.clonedeep: 4.5.0
      yargs-parser: 20.2.9

  delayed-stream@1.0.0: {}

  dunder-proto@1.0.1:
    dependencies:
      call-bind-apply-helpers: 1.0.2
      es-errors: 1.3.0
      gopd: 1.2.0

  es-define-property@1.0.1: {}

  es-errors@1.3.0: {}

  es-object-atoms@1.1.1:
    dependencies:
      es-errors: 1.3.0

  es-set-tostringtag@2.1.0:
    dependencies:
      es-errors: 1.3.0
      get-intrinsic: 1.3.0
      has-tostringtag: 1.0.2
      hasown: 2.0.2

  event-target-shim@5.0.1: {}

  events@3.3.0: {}

  fast-xml-builder@1.1.4:
    dependencies:
      path-expression-matcher: 1.2.0

  fast-xml-parser@5.5.8:
    dependencies:
      fast-xml-builder: 1.1.4
      path-expression-matcher: 1.2.0
      strnum: 2.2.2

  form-data-encoder@4.1.0: {}

  form-data@4.0.5:
    dependencies:
      asynckit: 0.4.0
      combined-stream: 1.0.8
      es-set-tostringtag: 2.1.0
      hasown: 2.0.2
      mime-types: 2.1.35

  formdata-node@6.0.3: {}

  function-bind@1.1.2: {}

  get-intrinsic@1.3.0:
    dependencies:
      call-bind-apply-helpers: 1.0.2
      es-define-property: 1.0.1
      es-errors: 1.3.0
      es-object-atoms: 1.1.1
      function-bind: 1.1.2
      get-proto: 1.0.1
      gopd: 1.2.0
      has-symbols: 1.1.0
      hasown: 2.0.2
      math-intrinsics: 1.1.0

  get-proto@1.0.1:
    dependencies:
      dunder-proto: 1.0.1
      es-object-atoms: 1.1.1

  gopd@1.2.0: {}

  has-symbols@1.1.0: {}

  has-tostringtag@1.0.2:
    dependencies:
      has-symbols: 1.1.0

  hasown@2.0.2:
    dependencies:
      function-bind: 1.1.2

  ieee754@1.2.1: {}

  lodash.clonedeep@4.5.0: {}

  math-intrinsics@1.1.0: {}

  mime-db@1.52.0: {}

  mime-types@2.1.35:
    dependencies:
      mime-db: 1.52.0

  path-expression-matcher@1.2.0: {}

  process@0.11.10: {}

  readable-stream@4.7.0:
    dependencies:
      abort-controller: 3.0.0
      buffer: 6.0.3
      events: 3.3.0
      process: 0.11.10
      string_decoder: 1.3.0

  safe-buffer@5.2.1: {}

  string_decoder@1.3.0:
    dependencies:
      safe-buffer: 5.2.1

  strnum@2.2.2: {}

  tslib@2.8.1: {}

  yargs-parser@20.2.9: {}
